// !$*UTF8*$!
{
	archiveVersion = 1;
	classes = {
	};
	objectVersion = 56;
	objects = {

/* Begin PBXBuildFile section */
		1A8B58F32CEC7B460076CAD7 /* AppDelegate.swift in Sources */ = {isa = PBXBuildFile; fileRef = 1A8B58F22CEC7B460076CAD7 /* AppDelegate.swift */; };
		1A8B58F52CEC7B460076CAD7 /* SceneDelegate.swift in Sources */ = {isa = PBXBuildFile; fileRef = 1A8B58F42CEC7B460076CAD7 /* SceneDelegate.swift */; };
		1A8B58F72CEC7B460076CAD7 /* ViewController.swift in Sources */ = {isa = PBXBuildFile; fileRef = 1A8B58F62CEC7B460076CAD7 /* ViewController.swift */; };
		1A8B58FA2CEC7B460076CAD7 /* Main.storyboard in Resources */ = {isa = PBXBuildFile; fileRef = 1A8B58F82CEC7B460076CAD7 /* Main.storyboard */; };
		1A8B58FC2CEC7B470076CAD7 /* Assets.xcassets in Resources */ = {isa = PBXBuildFile; fileRef = 1A8B58FB2CEC7B470076CAD7 /* Assets.xcassets */; };
		1A8B58FF2CEC7B470076CAD7 /* LaunchScreen.storyboard in Resources */ = {isa = PBXBuildFile; fileRef = 1A8B58FD2CEC7B470076CAD7 /* LaunchScreen.storyboard */; };
		1A8B59072CEC7C6E0076CAD7 /* APIManager.swift in Sources */ = {isa = PBXBuildFile; fileRef = 1A8B59062CEC7C6E0076CAD7 /* APIManager.swift */; };
		1A8B590A2CEC7C7E0076CAD7 /* ProductModel.swift in Sources */ = {isa = PBXBuildFile; fileRef = 1A8B59092CEC7C7E0076CAD7 /* ProductModel.swift */; };
		1A8B590C2CEC80C90076CAD7 /* ProductsManager.swift in Sources */ = {isa = PBXBuildFile; fileRef = 1A8B590B2CEC80C90076CAD7 /* ProductsManager.swift */; };
		1A8B590E2CECA10F0076CAD7 /* ProductCollectionViewCell.swift in Sources */ = {isa = PBXBuildFile; fileRef = 1A8B590D2CECA10F0076CAD7 /* ProductCollectionViewCell.swift */; };
/* End PBXBuildFile section */

/* Begin PBXFileReference section */
		1A8B58EF2CEC7B460076CAD7 /* URLSessionExample.app */ = {isa = PBXFileReference; explicitFileType = wrapper.application; includeInIndex = 0; path = URLSessionExample.app; sourceTree = BUILT_PRODUCTS_DIR; };
		1A8B58F22CEC7B460076CAD7 /* AppDelegate.swift */ = {isa = PBXFileReference; lastKnownFileType = sourcecode.swift; path = AppDelegate.swift; sourceTree = "<group>"; };
		1A8B58F42CEC7B460076CAD7 /* SceneDelegate.swift */ = {isa = PBXFileReference; lastKnownFileType = sourcecode.swift; path = SceneDelegate.swift; sourceTree = "<group>"; };
		1A8B58F62CEC7B460076CAD7 /* ViewController.swift */ = {isa = PBXFileReference; lastKnownFileType = sourcecode.swift; path = ViewController.swift; sourceTree = "<group>"; };
		1A8B58F92CEC7B460076CAD7 /* Base */ = {isa = PBXFileReference; lastKnownFileType = file.storyboard; name = Base; path = Base.lproj/Main.storyboard; sourceTree = "<group>"; };
		1A8B58FB2CEC7B470076CAD7 /* Assets.xcassets */ = {isa = PBXFileReference; lastKnownFileType = folder.assetcatalog; path = Assets.xcassets; sourceTree = "<group>"; };
		1A8B58FE2CEC7B470076CAD7 /* Base */ = {isa = PBXFileReference; lastKnownFileType = file.storyboard; name = Base; path = Base.lproj/LaunchScreen.storyboard; sourceTree = "<group>"; };
		1A8B59002CEC7B470076CAD7 /* Info.plist */ = {isa = PBXFileReference; lastKnownFileType = text.plist.xml; path = Info.plist; sourceTree = "<group>"; };
		1A8B59062CEC7C6E0076CAD7 /* APIManager.swift */ = {isa = PBXFileReference; lastKnownFileType = sourcecode.swift; path = APIManager.swift; sourceTree = "<group>"; };
		1A8B59092CEC7C7E0076CAD7 /* ProductModel.swift */ = {isa = PBXFileReference; lastKnownFileType = sourcecode.swift; path = ProductModel.swift; sourceTree = "<group>"; };
		1A8B590B2CEC80C90076CAD7 /* ProductsManager.swift */ = {isa = PBXFileReference; lastKnownFileType = sourcecode.swift; path = ProductsManager.swift; sourceTree = "<group>"; };
		1A8B590D2CECA10F0076CAD7 /* ProductCollectionViewCell.swift */ = {isa = PBXFileReference; lastKnownFileType = sourcecode.swift; path = ProductCollectionViewCell.swift; sourceTree = "<group>"; };
/* End PBXFileReference section */

/* Begin PBXFrameworksBuildPhase section */
		1A8B58EC2CEC7B460076CAD7 /* Frameworks */ = {
			isa = PBXFrameworksBuildPhase;
			buildActionMask = 2147483647;
			files = (
			);
			runOnlyForDeploymentPostprocessing = 0;
		};
/* End PBXFrameworksBuildPhase section */

/* Begin PBXGroup section */
		1A8B58E62CEC7B460076CAD7 = {
			isa = PBXGroup;
			children = (
				1A8B58F12CEC7B460076CAD7 /* URLSessionExample */,
				1A8B58F02CEC7B460076CAD7 /* Products */,
			);
			sourceTree = "<group>";
		};
		1A8B58F02CEC7B460076CAD7 /* Products */ = {
			isa = PBXGroup;
			children = (
				1A8B58EF2CEC7B460076CAD7 /* URLSessionExample.app */,
			);
			name = Products;
			sourceTree = "<group>";
		};
		1A8B58F12CEC7B460076CAD7 /* URLSessionExample */ = {
			isa = PBXGroup;
			children = (
				1A8B58F22CEC7B460076CAD7 /* AppDelegate.swift */,
				1A8B58F42CEC7B460076CAD7 /* SceneDelegate.swift */,
				1A8B58F62CEC7B460076CAD7 /* ViewController.swift */,
				1A8B59062CEC7C6E0076CAD7 /* APIManager.swift */,
				1A8B590D2CECA10F0076CAD7 /* ProductCollectionViewCell.swift */,
				1A8B590B2CEC80C90076CAD7 /* ProductsManager.swift */,
				1A8B59082CEC7C740076CAD7 /* Model */,
				1A8B58F82CEC7B460076CAD7 /* Main.storyboard */,
				1A8B58FB2CEC7B470076CAD7 /* Assets.xcassets */,
				1A8B58FD2CEC7B470076CAD7 /* LaunchScreen.storyboard */,
				1A8B59002CEC7B470076CAD7 /* Info.plist */,
			);
			path = URLSessionExample;
			sourceTree = "<group>";
		};
		1A8B59082CEC7C740076CAD7 /* Model */ = {
			isa = PBXGroup;
			children = (
				1A8B59092CEC7C7E0076CAD7 /* ProductModel.swift */,
			);
			path = Model;
			sourceTree = "<group>";
		};
/* End PBXGroup section */

/* Begin PBXNativeTarget section */
		1A8B58EE2CEC7B460076CAD7 /* URLSessionExample */ = {
			isa = PBXNativeTarget;
			buildConfigurationList = 1A8B59032CEC7B470076CAD7 /* Build configuration list for PBXNativeTarget "URLSessionExample" */;
			buildPhases = (
				1A8B58EB2CEC7B460076CAD7 /* Sources */,
				1A8B58EC2CEC7B460076CAD7 /* Frameworks */,
				1A8B58ED2CEC7B460076CAD7 /* Resources */,
			);
			buildRules = (
			);
			dependencies = (
			);
			name = URLSessionExample;
			productName = URLSessionExample;
			productReference = 1A8B58EF2CEC7B460076CAD7 /* URLSessionExample.app */;
			productType = "com.apple.product-type.application";
		};
/* End PBXNativeTarget section */

/* Begin PBXProject section */
		1A8B58E72CEC7B460076CAD7 /* Project object */ = {
			isa = PBXProject;
			attributes = {
				BuildIndependentTargetsInParallel = 1;
				LastSwiftUpdateCheck = 1520;
				LastUpgradeCheck = 1520;
				TargetAttributes = {
					1A8B58EE2CEC7B460076CAD7 = {
						CreatedOnToolsVersion = 15.2;
					};
				};
			};
			buildConfigurationList = 1A8B58EA2CEC7B460076CAD7 /* Build configuration list for PBXProject "URLSessionExample" */;
			compatibilityVersion = "Xcode 14.0";
			developmentRegion = en;
			hasScannedForEncodings = 0;
			knownRegions = (
				en,
				Base,
			);
			mainGroup = 1A8B58E62CEC7B460076CAD7;
			productRefGroup = 1A8B58F02CEC7B460076CAD7 /* Products */;
			projectDirPath = "";
			projectRoot = "";
			targets = (
				1A8B58EE2CEC7B460076CAD7 /* URLSessionExample */,
			);
		};
/* End PBXProject section */

/* Begin PBXResourcesBuildPhase section */
		1A8B58ED2CEC7B460076CAD7 /* Resources */ = {
			isa = PBXResourcesBuildPhase;
			buildActionMask = 2147483647;
			files = (
				1A8B58FF2CEC7B470076CAD7 /* LaunchScreen.storyboard in Resources */,
				1A8B58FC2CEC7B470076CAD7 /* Assets.xcassets in Resources */,
				1A8B58FA2CEC7B460076CAD7 /* Main.storyboard in Resources */,
			);
			runOnlyForDeploymentPostprocessing = 0;
		};
/* End PBXResourcesBuildPhase section */

/* Begin PBXSourcesBuildPhase section */
		1A8B58EB2CEC7B460076CAD7 /* Sources */ = {
			isa = PBXSourcesBuildPhase;
			buildActionMask = 2147483647;
			files = (
				1A8B59072CEC7C6E0076CAD7 /* APIManager.swift in Sources */,
				1A8B590C2CEC80C90076CAD7 /* ProductsManager.swift in Sources */,
				1A8B590E2CECA10F0076CAD7 /* ProductCollectionViewCell.swift in Sources */,
				1A8B58F72CEC7B460076CAD7 /* ViewController.swift in Sources */,
				1A8B58F32CEC7B460076CAD7 /* AppDelegate.swift in Sources */,
				1A8B58F52CEC7B460076CAD7 /* SceneDelegate.swift in Sources */,
				1A8B590A2CEC7C7E0076CAD7 /* ProductModel.swift in Sources */,
			);
			runOnlyForDeploymentPostprocessing = 0;
		};
/* End PBXSourcesBuildPhase section */

/* Begin PBXVariantGroup section */
		1A8B58F82CEC7B460076CAD7 /* Main.storyboard */ = {
			isa = PBXVariantGroup;
			children = (
				1A8B58F92CEC7B460076CAD7 /* Base */,
			);
			name = Main.storyboard;
			sourceTree = "<group>";
		};
		1A8B58FD2CEC7B470076CAD7 /* LaunchScreen.storyboard */ = {
			isa = PBXVariantGroup;
			children = (
				1A8B58FE2CEC7B470076CAD7 /* Base */,
			);
			name = LaunchScreen.storyboard;
			sourceTree = "<group>";
		};
/* End PBXVariantGroup section */

/* Begin XCBuildConfiguration section */
		1A8B59012CEC7B470076CAD7 /* Debug */ = {
			isa = XCBuildConfiguration;
			buildSettings = {
				ALWAYS_SEARCH_USER_PATHS = NO;
				ASSETCATALOG_COMPILER_GENERATE_SWIFT_ASSET_SYMBOL_EXTENSIONS = YES;
				CLANG_ANALYZER_NONNULL = YES;
				CLANG_ANALYZER_NUMBER_OBJECT_CONVERSION = YES_AGGRESSIVE;
				CLANG_CXX_LANGUAGE_STANDARD = "gnu++20";
				CLANG_ENABLE_MODULES = YES;
				CLANG_ENABLE_OBJC_ARC = YES;
				CLANG_ENABLE_OBJC_WEAK = YES;
				CLANG_WARN_BLOCK_CAPTURE_AUTORELEASING = YES;
				CLANG_WARN_BOOL_CONVERSION = YES;
				CLANG_WARN_COMMA = YES;
				CLANG_WARN_CONSTANT_CONVERSION = YES;
				CLANG_WARN_DEPRECATED_OBJC_IMPLEMENTATIONS = YES;
				CLANG_WARN_DIRECT_OBJC_ISA_USAGE = YES_ERROR;
				CLANG_WARN_DOCUMENTATION_COMMENTS = YES;
				CLANG_WARN_EMPTY_BODY = YES;
				CLANG_WARN_ENUM_CONVERSION = YES;
				CLANG_WARN_INFINITE_RECURSION = YES;
				CLANG_WARN_INT_CONVERSION = YES;
				CLANG_WARN_NON_LITERAL_NULL_CONVERSION = YES;
				CLANG_WARN_OBJC_IMPLICIT_RETAIN_SELF = YES;
				CLANG_WARN_OBJC_LITERAL_CONVERSION = YES;
				CLANG_WARN_OBJC_ROOT_CLASS = YES_ERROR;
				CLANG_WARN_QUOTED_INCLUDE_IN_FRAMEWORK_HEADER = YES;
				CLANG_WARN_RANGE_LOOP_ANALYSIS = YES;
				CLANG_WARN_STRICT_PROTOTYPES = YES;
				CLANG_WARN_SUSPICIOUS_MOVE = YES;
				CLANG_WARN_UNGUARDED_AVAILABILITY = YES_AGGRESSIVE;
				CLANG_WARN_UNREACHABLE_CODE = YES;
				CLANG_WARN__DUPLICATE_METHOD_MATCH = YES;
				COPY_PHASE_STRIP = NO;
				DEBUG_INFORMATION_FORMAT = dwarf;
				ENABLE_STRICT_OBJC_MSGSEND = YES;
				ENABLE_TESTABILITY = YES;
				ENABLE_USER_SCRIPT_SANDBOXING = YES;
				GCC_C_LANGUAGE_STANDARD = gnu17;
				GCC_DYNAMIC_NO_PIC = NO;
				GCC_NO_COMMON_BLOCKS = YES;
				GCC_OPTIMIZATION_LEVEL = 0;
				GCC_PREPROCESSOR_DEFINITIONS = (
					"DEBUG=1",
					"$(inherited)",
				);
				GCC_WARN_64_TO_32_BIT_CONVERSION = YES;
				GCC_WARN_ABOUT_RETURN_TYPE = YES_ERROR;
				GCC_WARN_UNDECLARED_SELECTOR = YES;
				GCC_WARN_UNINITIALIZED_AUTOS = YES_AGGRESSIVE;
				GCC_WARN_UNUSED_FUNCTION = YES;
				GCC_WARN_UNUSED_VARIABLE = YES;
				IPHONEOS_DEPLOYMENT_TARGET = 17.2;
				LOCALIZATION_PREFERS_STRING_CATALOGS = YES;
				MTL_ENABLE_DEBUG_INFO = INCLUDE_SOURCE;
				MTL_FAST_MATH = YES;
				ONLY_ACTIVE_ARCH = YES;
				SDKROOT = iphoneos;
				SWIFT_ACTIVE_COMPILATION_CONDITIONS = "DEBUG $(inherited)";
				SWIFT_OPTIMIZATION_LEVEL = "-Onone";
			};
			name = Debug;
		};
		1A8B59022CEC7B470076CAD7 /* Release */ = {
			isa = XCBuildConfiguration;
			buildSettings = {
				ALWAYS_SEARCH_USER_PATHS = NO;
				ASSETCATALOG_COMPILER_GENERATE_SWIFT_ASSET_SYMBOL_EXTENSIONS = YES;
				CLANG_ANALYZER_NONNULL = YES;
				CLANG_ANALYZER_NUMBER_OBJECT_CONVERSION = YES_AGGRESSIVE;
				CLANG_CXX_LANGUAGE_STANDARD = "gnu++20";
				CLANG_ENABLE_MODULES = YES;
				CLANG_ENABLE_OBJC_ARC = YES;
				CLANG_ENABLE_OBJC_WEAK = YES;
				CLANG_WARN_BLOCK_CAPTURE_AUTORELEASING = YES;
				CLANG_WARN_BOOL_CONVERSION = YES;
				CLANG_WARN_COMMA = YES;
				CLANG_WARN_CONSTANT_CONVERSION = YES;
				CLANG_WARN_DEPRECATED_OBJC_IMPLEMENTATIONS = YES;
				CLANG_WARN_DIRECT_OBJC_ISA_USAGE = YES_ERROR;
				CLANG_WARN_DOCUMENTATION_COMMENTS = YES;
				CLANG_WARN_EMPTY_BODY = YES;
				CLANG_WARN_ENUM_CONVERSION = YES;
				CLANG_WARN_INFINITE_RECURSION = YES;
				CLANG_WARN_INT_CONVERSION = YES;
				CLANG_WARN_NON_LITERAL_NULL_CONVERSION = YES;
				CLANG_WARN_OBJC_IMPLICIT_RETAIN_SELF = YES;
				CLANG_WARN_OBJC_LITERAL_CONVERSION = YES;
				CLANG_WARN_OBJC_ROOT_CLASS = YES_ERROR;
				CLANG_WARN_QUOTED_INCLUDE_IN_FRAMEWORK_HEADER = YES;
				CLANG_WARN_RANGE_LOOP_ANALYSIS = YES;
				CLANG_WARN_STRICT_PROTOTYPES = YES;
				CLANG_WARN_SUSPICIOUS_MOVE = YES;
				CLANG_WARN_UNGUARDED_AVAILABILITY = YES_AGGRESSIVE;
				CLANG_WARN_UNREACHABLE_CODE = YES;
				CLANG_WARN__DUPLICATE_METHOD_MATCH = YES;
				COPY_PHASE_STRIP = NO;
				DEBUG_INFORMATION_FORMAT = "dwarf-with-dsym";
				ENABLE_NS_ASSERTIONS = NO;
				ENABLE_STRICT_OBJC_MSGSEND = YES;
				ENABLE_USER_SCRIPT_SANDBOXING = YES;
				GCC_C_LANGUAGE_STANDARD = gnu17;
				GCC_NO_COMMON_BLOCKS = YES;
				GCC_WARN_64_TO_32_BIT_CONVERSION = YES;
				GCC_WARN_ABOUT_RETURN_TYPE = YES_ERROR;
				GCC_WARN_UNDECLARED_SELECTOR = YES;
				GCC_WARN_UNINITIALIZED_AUTOS = YES_AGGRESSIVE;
				GCC_WARN_UNUSED_FUNCTION = YES;
				GCC_WARN_UNUSED_VARIABLE = YES;
				IPHONEOS_DEPLOYMENT_TARGET = 17.2;
				LOCALIZATION_PREFERS_STRING_CATALOGS = YES;
				MTL_ENABLE_DEBUG_INFO = NO;
				MTL_FAST_MATH = YES;
				SDKROOT = iphoneos;
				SWIFT_COMPILATION_MODE = wholemodule;
				VALIDATE_PRODUCT = YES;
			};
			name = Release;
		};
		1A8B59042CEC7B470076CAD7 /* Debug */ = {
			isa = XCBuildConfiguration;
			buildSettings = {
				ASSETCATALOG_COMPILER_APPICON_NAME = AppIcon;
				ASSETCATALOG_COMPILER_GLOBAL_ACCENT_COLOR_NAME = AccentColor;
				CODE_SIGN_STYLE = Automatic;
				CURRENT_PROJECT_VERSION = 1;
				DEVELOPMENT_TEAM = 8MX2AY99Z6;
				GENERATE_INFOPLIST_FILE = YES;
				INFOPLIST_FILE = URLSessionExample/Info.plist;
				INFOPLIST_KEY_UIApplicationSupportsIndirectInputEvents = YES;
				INFOPLIST_KEY_UILaunchStoryboardName = LaunchScreen;
				INFOPLIST_KEY_UIMainStoryboardFile = Main;
				INFOPLIST_KEY_UISupportedInterfaceOrientations_iPad = "UIInterfaceOrientationPortrait UIInterfaceOrientationPortraitUpsideDown UIInterfaceOrientationLandscapeLeft UIInterfaceOrientationLandscapeRight";
				INFOPLIST_KEY_UISupportedInterfaceOrientations_iPhone = "UIInterfaceOrientationPortrait UIInterfaceOrientationLandscapeLeft UIInterfaceOrientationLandscapeRight";
				LD_RUNPATH_SEARCH_PATHS = (
					"$(inherited)",
					"@executable_path/Frameworks",
				);
				MARKETING_VERSION = 1.0;
				PRODUCT_BUNDLE_IDENTIFIER = com.vsu.URLSessionExample;
				PRODUCT_NAME = "$(TARGET_NAME)";
				SWIFT_EMIT_LOC_STRINGS = YES;
				SWIFT_VERSION = 5.0;
				TARGETED_DEVICE_FAMILY = "1,2";
			};
			name = Debug;
		};
		1A8B59052CEC7B470076CAD7 /* Release */ = {
			isa = XCBuildConfiguration;
			buildSettings = {
				ASSETCATALOG_COMPILER_APPICON_NAME = AppIcon;
				ASSETCATALOG_COMPILER_GLOBAL_ACCENT_COLOR_NAME = AccentColor;
				CODE_SIGN_STYLE = Automatic;
				CURRENT_PROJECT_VERSION = 1;
				DEVELOPMENT_TEAM = 8MX2AY99Z6;
				GENERATE_INFOPLIST_FILE = YES;
				INFOPLIST_FILE = URLSessionExample/Info.plist;
				INFOPLIST_KEY_UIApplicationSupportsIndirectInputEvents = YES;
				INFOPLIST_KEY_UILaunchStoryboardName = LaunchScreen;
				INFOPLIST_KEY_UIMainStoryboardFile = Main;
				INFOPLIST_KEY_UISupportedInterfaceOrientations_iPad = "UIInterfaceOrientationPortrait UIInterfaceOrientationPortraitUpsideDown UIInterfaceOrientationLandscapeLeft UIInterfaceOrientationLandscapeRight";
				INFOPLIST_KEY_UISupportedInterfaceOrientations_iPhone = "UIInterfaceOrientationPortrait UIInterfaceOrientationLandscapeLeft UIInterfaceOrientationLandscapeRight";
				LD_RUNPATH_SEARCH_PATHS = (
					"$(inherited)",
					"@executable_path/Frameworks",
				);
				MARKETING_VERSION = 1.0;
				PRODUCT_BUNDLE_IDENTIFIER = com.vsu.URLSessionExample;
				PRODUCT_NAME = "$(TARGET_NAME)";
				SWIFT_EMIT_LOC_STRINGS = YES;
				SWIFT_VERSION = 5.0;
				TARGETED_DEVICE_FAMILY = "1,2";
			};
			name = Release;
		};
/* End XCBuildConfiguration section */

/* Begin XCConfigurationList section */
		1A8B58EA2CEC7B460076CAD7 /* Build configuration list for PBXProject "URLSessionExample" */ = {
			isa = XCConfigurationList;
			buildConfigurations = (
				1A8B59012CEC7B470076CAD7 /* Debug */,
				1A8B59022CEC7B470076CAD7 /* Release */,
			);
			defaultConfigurationIsVisible = 0;
			defaultConfigurationName = Release;
		};
		1A8B59032CEC7B470076CAD7 /* Build configuration list for PBXNativeTarget "URLSessionExample" */ = {
			isa = XCConfigurationList;
			buildConfigurations = (
				1A8B59042CEC7B470076CAD7 /* Debug */,
				1A8B59052CEC7B470076CAD7 /* Release */,
			);
			defaultConfigurationIsVisible = 0;
			defaultConfigurationName = Release;
		};
/* End XCConfigurationList section */
	};
	rootObject = 1A8B58E72CEC7B460076CAD7 /* Project object */;
}
